
Microsoft Visual Studio Solution File, Format Version 12.00
# Visual Studio 15
VisualStudioVersion = 15.0.28307.902
MinimumVisualStudioVersion = 10.0.40219.1
Project("{FAE04EC0-301F-11D3-BF4B-00C04F79EFBC}") = "BilsimAlgortima2Hafta1Namespace", "BilsimAlgortima2Hafta1Namespace\BilsimAlgortima2Hafta1Namespace.csproj", "{1C58D116-B010-4CD2-AE10-C8769401C5A9}"
EndProject
Global
	GlobalSection(SolutionConfigurationPlatforms) = preSolution
		Debug|Any CPU = Debug|Any CPU
		Release|Any CPU = Release|Any CPU
	EndGlobalSection
	GlobalSection(ProjectConfigurationPlatforms) = postSolution
		{1C58D116-B010-4CD2-AE10-C8769401C5A9}.Debug|Any CPU.ActiveCfg = Debug|Any CPU
		{1C58D116-B010-4CD2-AE10-C8769401C5A9}.Debug|Any CPU.Build.0 = Debug|Any CPU
		{1C58D116-B010-4CD2-AE10-C8769401C5A9}.Release|Any CPU.ActiveCfg = Release|Any CPU
		{1C58D116-B010-4CD2-AE10-C8769401C5A9}.Release|Any CPU.Build.0 = Release|Any CPU
	EndGlobalSection
	GlobalSection(SolutionProperties) = preSolution
		HideSolutionNode = FALSE
	EndGlobalSection
	GlobalSection(ExtensibilityGlobals) = postSolution
		SolutionGuid = {97B4F0DE-3D5D-478D-BBE5-9CA0A2AED717}
	EndGlobalSection
EndGlobal
