
Microsoft Visual Studio Solution File, Format Version 12.00
# Visual Studio Version 17
VisualStudioVersion = 17.5.33424.131
MinimumVisualStudioVersion = 10.0.40219.1
Project("{FAE04EC0-301F-11D3-BF4B-00C04F79EFBC}") = "Hafta3SinifGiris", "Hafta3SinifGiris\Hafta3SinifGiris.csproj", "{0B405630-2469-4244-A8F1-185AFDDF596D}"
EndProject
Global
	GlobalSection(SolutionConfigurationPlatforms) = preSolution
		Debug|Any CPU = Debug|Any CPU
		Release|Any CPU = Release|Any CPU
	EndGlobalSection
	GlobalSection(ProjectConfigurationPlatforms) = postSolution
		{0B405630-2469-4244-A8F1-185AFDDF596D}.Debug|Any CPU.ActiveCfg = Debug|Any CPU
		{0B405630-2469-4244-A8F1-185AFDDF596D}.Debug|Any CPU.Build.0 = Debug|Any CPU
		{0B405630-2469-4244-A8F1-185AFDDF596D}.Release|Any CPU.ActiveCfg = Release|Any CPU
		{0B405630-2469-4244-A8F1-185AFDDF596D}.Release|Any CPU.Build.0 = Release|Any CPU
	EndGlobalSection
	GlobalSection(SolutionProperties) = preSolution
		HideSolutionNode = FALSE
	EndGlobalSection
	GlobalSection(ExtensibilityGlobals) = postSolution
		SolutionGuid = {FE638013-9CD8-467E-9E30-B8A5E86EA295}
	EndGlobalSection
EndGlobal
